{
  "name": "uci",
  "lockfileVersion": 3,
  "requires": true,
  "packages": {
    "": {
      "dependencies": {
        "components": "^0.1.0",
        "style": "^0.0.3"
      }
    },
    "node_modules/components": {
      "version": "0.1.0",
      "resolved": "https://registry.npmjs.org/components/-/components-0.1.0.tgz",
      "integrity": "sha512-4xKUO3dL9LBs8WiOKy2kvLfnwKZLps9xDT5cFS0GL4UiXrr/dNUYus7Uf1bRPG66cUpEmwFAWVOlE9cxQgG+QA=="
    },
    "node_modules/style": {
      "version": "0.0.3",
      "resolved": "https://registry.npmjs.org/style/-/style-0.0.3.tgz",
      "integrity": "sha512-HDhQ0NTbt7xR9jj9b5zWTelA9iHbg8PtdarlceLzMMQ2gEZjd/Rpmd8PJzkxey5q/fC0cwFKJ18BmW9KGmRTcA==",
      "engines": {
        "node": ">=0.2.0"
      }
    }
  }
}
